{
  "name": "rustaddon",
  "version": "0.1.0",
  "lockfileVersion": 2,
  "requires": true,
  "packages": {
    "": {
      "name": "rustaddon",
      "version": "0.1.0",
      "hasInstallScript": true,
      "license": "ISC",
      "devDependencies": {
        "cargo-cp-artifact": "^0.1"
      }
    },
    "node_modules/cargo-cp-artifact": {
      "version": "0.1.5",
      "resolved": "https://registry.nlark.com/cargo-cp-artifact/download/cargo-cp-artifact-0.1.5.tgz",
      "integrity": "sha1-LDX31ljyKs/psfondDRNmjie/RQ=",
      "dev": true,
      "bin": {
        "cargo-cp-artifact": "bin/cargo-cp-artifact.js"
      }
    }
  },
  "dependencies": {
    "cargo-cp-artifact": {
      "version": "0.1.5",
      "resolved": "https://registry.nlark.com/cargo-cp-artifact/download/cargo-cp-artifact-0.1.5.tgz",
      "integrity": "sha1-LDX31ljyKs/psfondDRNmjie/RQ=",
      "dev": true
    }
  }
}
